
Microsoft Visual Studio Solution File, Format Version 12.00
# Visual Studio Version 17
VisualStudioVersion = 17.7.34024.191
MinimumVisualStudioVersion = 10.0.40219.1
Project("{FAE04EC0-301F-11D3-BF4B-00C04F79EFBC}") = "Decode-in-Csharp", "Decode-in-Csharp\Decode-in-Csharp.csproj", "{C7BB083D-47DF-4F62-9292-BF28369535AF}"
EndProject
Global
	GlobalSection(SolutionConfigurationPlatforms) = preSolution
		Debug|Any CPU = Debug|Any CPU
		Release|Any CPU = Release|Any CPU
	EndGlobalSection
	GlobalSection(ProjectConfigurationPlatforms) = postSolution
		{C7BB083D-47DF-4F62-9292-BF28369535AF}.Debug|Any CPU.ActiveCfg = Debug|Any CPU
		{C7BB083D-47DF-4F62-9292-BF28369535AF}.Debug|Any CPU.Build.0 = Debug|Any CPU
		{C7BB083D-47DF-4F62-9292-BF28369535AF}.Release|Any CPU.ActiveCfg = Release|Any CPU
		{C7BB083D-47DF-4F62-9292-BF28369535AF}.Release|Any CPU.Build.0 = Release|Any CPU
	EndGlobalSection
	GlobalSection(SolutionProperties) = preSolution
		HideSolutionNode = FALSE
	EndGlobalSection
	GlobalSection(ExtensibilityGlobals) = postSolution
		SolutionGuid = {B3CAF3E6-E6C3-4D46-AD19-B8404F3BDBFD}
	EndGlobalSection
EndGlobal
